{
    "hash": "730c7f2b647661028a18c0266a931047",
    "packages": [

    ],
    "packages-dev": [
        {
            "name": "lucasvanlierop/php-profiler",
            "version": "dev-master",
            "source": {
                "type": "git",
                "url": "https://github.com/lucasvanlierop/php-profiler.git",
                "reference": "a1d0c2547a791b4e1014cdc980d1e22fe1173378"
            },
            "dist": {
                "type": "zip",
                "url": "https://api.github.com/repos/lucasvanlierop/php-profiler/zipball/a1d0c2547a791b4e1014cdc980d1e22fe1173378",
                "reference": "a1d0c2547a791b4e1014cdc980d1e22fe1173378",
                "shasum": ""
            },
            "time": "2013-02-11 16:15:27",
            "type": "library",
            "notification-url": "https://packagist.org/downloads/",
            "description": "A basic php profiler"
        }
    ],
    "aliases": [

    ],
    "minimum-stability": "stable",
    "stability-flags": {
        "lucasvanlierop/php-profiler": 20
    }
}
