{
    "_readme": [
        "This file locks the dependencies of your project to a known state",
        "Read more about it at http://getcomposer.org/doc/01-basic-usage.md#composer-lock-the-lock-file"
    ],
    "hash": "c5e92898acd67d782b0d71030d37076b",
    "packages": [
        {
            "name": "jquery/jquery",
            "version": "1.9.1",
            "dist": {
                "type": "file",
                "url": "http://code.jquery.com/jquery-1.9.1.min.js",
                "reference": null,
                "shasum": null
            },
            "type": "library"
        },
        {
            "name": "jquery/jquery-ui",
            "version": "1.10.1",
            "dist": {
                "type": "file",
                "url": "http://code.jquery.com/ui/1.10.1/jquery-ui.min.js",
                "reference": null,
                "shasum": null
            },
            "type": "library"
        },
        {
            "name": "jquery/jquery-ui-themes",
            "version": "1.10.1",
            "dist": {
                "type": "zip",
                "url": "http://jqueryui.com/resources/download/jquery-ui-themes-1.10.1.zip",
                "reference": null,
                "shasum": null
            },
            "type": "library"
        }
    ],
    "packages-dev": [
        {
            "name": "fabpot/php-cs-fixer",
            "version": "v0.1.0",
            "source": {
                "type": "git",
                "url": "https://github.com/fabpot/PHP-CS-Fixer.git",
                "reference": "v0.1.0"
            },
            "dist": {
                "type": "zip",
                "url": "https://github.com/fabpot/PHP-CS-Fixer/archive/v0.1.0.zip",
                "reference": "v0.1.0",
                "shasum": ""
            },
            "require": {
                "php": ">=5.3.3",
                "symfony/console": "2.1.*",
                "symfony/filesystem": "2.1.*",
                "symfony/finder": "2.1.*"
            },
            "bin": [
                "php-cs-fixer"
            ],
            "type": "application",
            "extra": {
                "branch-alias": {
                    "dev-master": "0.1.x-dev"
                }
            },
            "autoload": {
                "psr-0": {
                    "Symfony\\CS": "."
                }
            },
            "notification-url": "https://packagist.org/downloads/",
            "license": [
                "MIT"
            ],
            "authors": [
                {
                    "name": "Fabien Potencier",
                    "email": "fabien@symfony.com"
                }
            ],
            "description": "A script to automatically fix Symfony Coding Standard",
            "time": "2012-11-20 07:00:21"
        },
        {
            "name": "pdepend/pdepend",
            "version": "1.1.0",
            "source": {
                "type": "git",
                "url": "git://github.com/pdepend/pdepend.git",
                "reference": "1.1.0"
            },
            "dist": {
                "type": "zip",
                "url": "https://github.com/pdepend/pdepend/zipball/1.1.0",
                "reference": "1.1.0",
                "shasum": ""
            },
            "require": {
                "php": ">=5.2.3"
            },
            "bin": [
                "src/bin/pdepend"
            ],
            "type": "library",
            "notification-url": "https://packagist.org/downloads/",
            "description": "Official version of pdepend to be handled with Composer",
            "time": "2012-09-12 04:09:19"
        },
        {
            "name": "phpmd/phpmd",
            "version": "1.4.1",
            "source": {
                "type": "git",
                "url": "git://github.com/phpmd/phpmd.git",
                "reference": "1.4.1"
            },
            "dist": {
                "type": "zip",
                "url": "https://github.com/phpmd/phpmd/archive/1.4.1.zip",
                "reference": "1.4.1",
                "shasum": ""
            },
            "require": {
                "pdepend/pdepend": "*",
                "php": ">=5.3.0"
            },
            "bin": [
                "src/bin/phpmd"
            ],
            "type": "library",
            "notification-url": "https://packagist.org/downloads/",
            "include-path": [
                "../../pdepend/pdepend/src/main/php",
                "src/main/php"
            ],
            "description": "Official version of PHPMD handled with Composer.",
            "time": "2012-12-14 12:25:09"
        },
        {
            "name": "symfony/console",
            "version": "v2.1.11",
            "target-dir": "Symfony/Component/Console",
            "source": {
                "type": "git",
                "url": "https://github.com/symfony/Console.git",
                "reference": "v2.1.11"
            },
            "dist": {
                "type": "zip",
                "url": "https://api.github.com/repos/symfony/Console/zipball/v2.1.11",
                "reference": "v2.1.11",
                "shasum": ""
            },
            "require": {
                "php": ">=5.3.3"
            },
            "type": "library",
            "autoload": {
                "psr-0": {
                    "Symfony\\Component\\Console": ""
                }
            },
            "notification-url": "https://packagist.org/downloads/",
            "license": [
                "MIT"
            ],
            "authors": [
                {
                    "name": "Fabien Potencier",
                    "email": "fabien@symfony.com"
                },
                {
                    "name": "Symfony Community",
                    "homepage": "http://symfony.com/contributors"
                }
            ],
            "description": "Symfony Console Component",
            "homepage": "http://symfony.com",
            "time": "2013-05-26 18:42:07"
        },
        {
            "name": "symfony/filesystem",
            "version": "v2.1.11",
            "target-dir": "Symfony/Component/Filesystem",
            "source": {
                "type": "git",
                "url": "https://github.com/symfony/Filesystem.git",
                "reference": "v2.1.11"
            },
            "dist": {
                "type": "zip",
                "url": "https://api.github.com/repos/symfony/Filesystem/zipball/v2.1.11",
                "reference": "v2.1.11",
                "shasum": ""
            },
            "require": {
                "php": ">=5.3.3"
            },
            "type": "library",
            "autoload": {
                "psr-0": {
                    "Symfony\\Component\\Filesystem": ""
                }
            },
            "notification-url": "https://packagist.org/downloads/",
            "license": [
                "MIT"
            ],
            "authors": [
                {
                    "name": "Fabien Potencier",
                    "email": "fabien@symfony.com"
                },
                {
                    "name": "Symfony Community",
                    "homepage": "http://symfony.com/contributors"
                }
            ],
            "description": "Symfony Filesystem Component",
            "homepage": "http://symfony.com",
            "time": "2013-05-06 10:06:16"
        },
        {
            "name": "symfony/finder",
            "version": "v2.1.11",
            "target-dir": "Symfony/Component/Finder",
            "source": {
                "type": "git",
                "url": "https://github.com/symfony/Finder.git",
                "reference": "v2.1.11"
            },
            "dist": {
                "type": "zip",
                "url": "https://api.github.com/repos/symfony/Finder/zipball/v2.1.11",
                "reference": "v2.1.11",
                "shasum": ""
            },
            "require": {
                "php": ">=5.3.3"
            },
            "type": "library",
            "autoload": {
                "psr-0": {
                    "Symfony\\Component\\Finder": ""
                }
            },
            "notification-url": "https://packagist.org/downloads/",
            "license": [
                "MIT"
            ],
            "authors": [
                {
                    "name": "Fabien Potencier",
                    "email": "fabien@symfony.com"
                },
                {
                    "name": "Symfony Community",
                    "homepage": "http://symfony.com/contributors"
                }
            ],
            "description": "Symfony Finder Component",
            "homepage": "http://symfony.com",
            "time": "2013-05-25 15:47:15"
        }
    ],
    "aliases": [

    ],
    "minimum-stability": "stable",
    "stability-flags": [

    ],
    "platform": [

    ],
    "platform-dev": [

    ]
}
